// !$*UTF8*$!
{
	archiveVersion = 1;
	classes = {
	};
	objectVersion = 46;
	objects = {

/* Begin PBXBuildFile section */
		0A4261671CDCC25400B11A59 /* KVAddCaculater.xib in Resources */ = {isa = PBXBuildFile; fileRef = 0A4261661CDCC25400B11A59 /* KVAddCaculater.xib */; };
		0A42616A1CDCC6F900B11A59 /* KVAddCaculater.m in Sources */ = {isa = PBXBuildFile; fileRef = 0A4261691CDCC6F900B11A59 /* KVAddCaculater.m */; };
		0A647EC61CEBF1F300BE128F /* games.plist in Resources */ = {isa = PBXBuildFile; fileRef = 0A647EC51CEBF1F300BE128F /* games.plist */; };
		0A647EC91CEBF89A00BE128F /* KVGameTableViewController.m in Sources */ = {isa = PBXBuildFile; fileRef = 0A647EC81CEBF89A00BE128F /* KVGameTableViewController.m */; };
		0A647ECF1CEBFE8400BE128F /* KVGameCell.m in Sources */ = {isa = PBXBuildFile; fileRef = 0A647ECE1CEBFE8400BE128F /* KVGameCell.m */; };
		0A647ED21CEC0EDD00BE128F /* KVGame.m in Sources */ = {isa = PBXBuildFile; fileRef = 0A647ED11CEC0EDD00BE128F /* KVGame.m */; };
		0A6808BF1CDF2FD300023AF1 /* KVShopView.xib in Resources */ = {isa = PBXBuildFile; fileRef = 0A6808BE1CDF2FD300023AF1 /* KVShopView.xib */; };
		0A6808C21CDF30DF00023AF1 /* KVShopView.m in Sources */ = {isa = PBXBuildFile; fileRef = 0A6808C11CDF30DF00023AF1 /* KVShopView.m */; };
		0A8EFAEF1CE45D9E008B950C /* main.c in Sources */ = {isa = PBXBuildFile; fileRef = 0A8EFAEE1CE45D9E008B950C /* main.c */; };
		0A8EFAF71CE45E55008B950C /* list.c in Sources */ = {isa = PBXBuildFile; fileRef = 0A8EFAF61CE45E55008B950C /* list.c */; };
		0A8EFAFA1CE45E86008B950C /* stack.c in Sources */ = {isa = PBXBuildFile; fileRef = 0A8EFAF91CE45E86008B950C /* stack.c */; };
		0A97BA701CDF550A004DEB57 /* KVShop.m in Sources */ = {isa = PBXBuildFile; fileRef = 0A97BA6F1CDF550A004DEB57 /* KVShop.m */; };
		0AA524261D056DD100E76CCB /* main.m in Sources */ = {isa = PBXBuildFile; fileRef = 0AA524251D056DD100E76CCB /* main.m */; };
		0AA524291D056DD100E76CCB /* AppDelegate.m in Sources */ = {isa = PBXBuildFile; fileRef = 0AA524281D056DD100E76CCB /* AppDelegate.m */; };
		0AA5242C1D056DD100E76CCB /* ViewController.m in Sources */ = {isa = PBXBuildFile; fileRef = 0AA5242B1D056DD100E76CCB /* ViewController.m */; };
		0AA5242F1D056DD100E76CCB /* Main.storyboard in Resources */ = {isa = PBXBuildFile; fileRef = 0AA5242D1D056DD100E76CCB /* Main.storyboard */; };
		0AA524311D056DD100E76CCB /* Assets.xcassets in Resources */ = {isa = PBXBuildFile; fileRef = 0AA524301D056DD100E76CCB /* Assets.xcassets */; };
		0AA524341D056DD100E76CCB /* LaunchScreen.storyboard in Resources */ = {isa = PBXBuildFile; fileRef = 0AA524321D056DD100E76CCB /* LaunchScreen.storyboard */; };
		0AA5243A1D056E4600E76CCB /* shop.plist in Resources */ = {isa = PBXBuildFile; fileRef = 0AA524391D056E4600E76CCB /* shop.plist */; };
		0AA5243E1D05701F00E76CCB /* ShopCell.m in Sources */ = {isa = PBXBuildFile; fileRef = 0AA5243C1D05701F00E76CCB /* ShopCell.m */; };
		0AA5243F1D05701F00E76CCB /* ShopCell.xib in Resources */ = {isa = PBXBuildFile; fileRef = 0AA5243D1D05701F00E76CCB /* ShopCell.xib */; };
		0AA524421D05706C00E76CCB /* ShopModel.m in Sources */ = {isa = PBXBuildFile; fileRef = 0AA524411D05706C00E76CCB /* ShopModel.m */; };
		0AA524451D0570FD00E76CCB /* WaterFlowLayout.m in Sources */ = {isa = PBXBuildFile; fileRef = 0AA524441D0570FD00E76CCB /* WaterFlowLayout.m */; };
		0ACBBB021CEBEE3100309F7A /* Foundation.framework in Frameworks */ = {isa = PBXBuildFile; fileRef = 0AA2F27F1CEB05B4003F9155 /* Foundation.framework */; };
		0ACBBB031CEBEE3100309F7A /* CoreGraphics.framework in Frameworks */ = {isa = PBXBuildFile; fileRef = 0AA2F2811CEB05B4003F9155 /* CoreGraphics.framework */; };
		0ACBBB041CEBEE3100309F7A /* UIKit.framework in Frameworks */ = {isa = PBXBuildFile; fileRef = 0AA2F2831CEB05B4003F9155 /* UIKit.framework */; };
		0ACBBB0A1CEBEE3100309F7A /* InfoPlist.strings in Resources */ = {isa = PBXBuildFile; fileRef = 0ACBBB081CEBEE3100309F7A /* InfoPlist.strings */; };
		0ACBBB0C1CEBEE3100309F7A /* main.m in Sources */ = {isa = PBXBuildFile; fileRef = 0ACBBB0B1CEBEE3100309F7A /* main.m */; };
		0ACBBB101CEBEE3100309F7A /* AppDelegate.m in Sources */ = {isa = PBXBuildFile; fileRef = 0ACBBB0F1CEBEE3100309F7A /* AppDelegate.m */; };
		0ACBBB131CEBEE3100309F7A /* Main.storyboard in Resources */ = {isa = PBXBuildFile; fileRef = 0ACBBB111CEBEE3100309F7A /* Main.storyboard */; };
		0ACBBB181CEBEE3200309F7A /* Images.xcassets in Resources */ = {isa = PBXBuildFile; fileRef = 0ACBBB171CEBEE3200309F7A /* Images.xcassets */; };
		0AFF3E201CFB1158000D7BBD /* main.m in Sources */ = {isa = PBXBuildFile; fileRef = 0AFF3E1F1CFB1158000D7BBD /* main.m */; };
		0AFF3E231CFB1158000D7BBD /* AppDelegate.m in Sources */ = {isa = PBXBuildFile; fileRef = 0AFF3E221CFB1158000D7BBD /* AppDelegate.m */; };
		0AFF3E291CFB1158000D7BBD /* Main.storyboard in Resources */ = {isa = PBXBuildFile; fileRef = 0AFF3E271CFB1158000D7BBD /* Main.storyboard */; };
		0AFF3E2B1CFB1158000D7BBD /* Assets.xcassets in Resources */ = {isa = PBXBuildFile; fileRef = 0AFF3E2A1CFB1158000D7BBD /* Assets.xcassets */; };
		0AFF3E2E1CFB1158000D7BBD /* LaunchScreen.storyboard in Resources */ = {isa = PBXBuildFile; fileRef = 0AFF3E2C1CFB1158000D7BBD /* LaunchScreen.storyboard */; };
		0AFF3E371CFB1191000D7BBD /* KVMessage.m in Sources */ = {isa = PBXBuildFile; fileRef = 0AFF3E341CFB1191000D7BBD /* KVMessage.m */; };
		0AFF3E381CFB1191000D7BBD /* KVMessageCell.m in Sources */ = {isa = PBXBuildFile; fileRef = 0AFF3E361CFB1191000D7BBD /* KVMessageCell.m */; };
		0AFF3E3B1CFB11A9000D7BBD /* ViewController.m in Sources */ = {isa = PBXBuildFile; fileRef = 0AFF3E3A1CFB11A9000D7BBD /* ViewController.m */; };
		0AFF3E3D1CFB1204000D7BBD /* messages.plist in Resources */ = {isa = PBXBuildFile; fileRef = 0AFF3E3C1CFB1204000D7BBD /* messages.plist */; };
		0AFF3E561CFB120E000D7BBD /* MASCompositeConstraint.m in Sources */ = {isa = PBXBuildFile; fileRef = 0AFF3E401CFB120E000D7BBD /* MASCompositeConstraint.m */; };
		0AFF3E571CFB120E000D7BBD /* MASConstraint.m in Sources */ = {isa = PBXBuildFile; fileRef = 0AFF3E431CFB120E000D7BBD /* MASConstraint.m */; };
		0AFF3E581CFB120E000D7BBD /* MASConstraintMaker.m in Sources */ = {isa = PBXBuildFile; fileRef = 0AFF3E451CFB120E000D7BBD /* MASConstraintMaker.m */; };
		0AFF3E591CFB120E000D7BBD /* MASLayoutConstraint.m in Sources */ = {isa = PBXBuildFile; fileRef = 0AFF3E471CFB120E000D7BBD /* MASLayoutConstraint.m */; };
		0AFF3E5A1CFB120E000D7BBD /* MASViewAttribute.m in Sources */ = {isa = PBXBuildFile; fileRef = 0AFF3E4B1CFB120E000D7BBD /* MASViewAttribute.m */; };
		0AFF3E5B1CFB120E000D7BBD /* MASViewConstraint.m in Sources */ = {isa = PBXBuildFile; fileRef = 0AFF3E4D1CFB120E000D7BBD /* MASViewConstraint.m */; };
		0AFF3E5C1CFB120E000D7BBD /* NSArray+MASAdditions.m in Sources */ = {isa = PBXBuildFile; fileRef = 0AFF3E4F1CFB120E000D7BBD /* NSArray+MASAdditions.m */; };
		0AFF3E5D1CFB120E000D7BBD /* NSLayoutConstraint+MASDebugAdditions.m in Sources */ = {isa = PBXBuildFile; fileRef = 0AFF3E521CFB120E000D7BBD /* NSLayoutConstraint+MASDebugAdditions.m */; };
		0AFF3E5E1CFB120E000D7BBD /* View+MASAdditions.m in Sources */ = {isa = PBXBuildFile; fileRef = 0AFF3E541CFB120E000D7BBD /* View+MASAdditions.m */; };
		DA1C34A31CE4690000973A8C /* shops.plist in Resources */ = {isa = PBXBuildFile; fileRef = DA1C34A21CE4690000973A8C /* shops.plist */; };
		DADA40701C96554E00D693E1 /* main.m in Sources */ = {isa = PBXBuildFile; fileRef = DADA406F1C96554E00D693E1 /* main.m */; };
		DADA40731C96554E00D693E1 /* AppDelegate.m in Sources */ = {isa = PBXBuildFile; fileRef = DADA40721C96554E00D693E1 /* AppDelegate.m */; };
		DADA40761C96554E00D693E1 /* ViewController.m in Sources */ = {isa = PBXBuildFile; fileRef = DADA40751C96554E00D693E1 /* ViewController.m */; };
		DADA40791C96554E00D693E1 /* Main.storyboard in Resources */ = {isa = PBXBuildFile; fileRef = DADA40771C96554E00D693E1 /* Main.storyboard */; };
		DADA407B1C96554E00D693E1 /* Assets.xcassets in Resources */ = {isa = PBXBuildFile; fileRef = DADA407A1C96554E00D693E1 /* Assets.xcassets */; };
		DADA407E1C96554E00D693E1 /* LaunchScreen.storyboard in Resources */ = {isa = PBXBuildFile; fileRef = DADA407C1C96554E00D693E1 /* LaunchScreen.storyboard */; };
/* End PBXBuildFile section */

/* Begin PBXCopyFilesBuildPhase section */
		0A8EFAEA1CE45D9E008B950C /* CopyFiles */ = {
			isa = PBXCopyFilesBuildPhase;
			buildActionMask = 2147483647;
			dstPath = /usr/share/man/man1/;
			dstSubfolderSpec = 0;
			files = (
			);
			runOnlyForDeploymentPostprocessing = 1;
		};
/* End PBXCopyFilesBuildPhase section */

/* Begin PBXFileReference section */
		0A4261661CDCC25400B11A59 /* KVAddCaculater.xib */ = {isa = PBXFileReference; fileEncoding = 4; lastKnownFileType = file.xib; path = KVAddCaculater.xib; sourceTree = "<group>"; };
		0A4261681CDCC6F900B11A59 /* KVAddCaculater.h */ = {isa = PBXFileReference; fileEncoding = 4; lastKnownFileType = sourcecode.c.h; path = KVAddCaculater.h; sourceTree = "<group>"; };
		0A4261691CDCC6F900B11A59 /* KVAddCaculater.m */ = {isa = PBXFileReference; fileEncoding = 4; lastKnownFileType = sourcecode.c.objc; path = KVAddCaculater.m; sourceTree = "<group>"; };
		0A647EC51CEBF1F300BE128F /* games.plist */ = {isa = PBXFileReference; fileEncoding = 4; lastKnownFileType = text.plist.xml; path = games.plist; sourceTree = "<group>"; };
		0A647EC71CEBF89A00BE128F /* KVGameTableViewController.h */ = {isa = PBXFileReference; fileEncoding = 4; lastKnownFileType = sourcecode.c.h; path = KVGameTableViewController.h; sourceTree = "<group>"; };
		0A647EC81CEBF89A00BE128F /* KVGameTableViewController.m */ = {isa = PBXFileReference; fileEncoding = 4; lastKnownFileType = sourcecode.c.objc; path = KVGameTableViewController.m; sourceTree = "<group>"; };
		0A647ECD1CEBFE8400BE128F /* KVGameCell.h */ = {isa = PBXFileReference; fileEncoding = 4; lastKnownFileType = sourcecode.c.h; path = KVGameCell.h; sourceTree = "<group>"; };
		0A647ECE1CEBFE8400BE128F /* KVGameCell.m */ = {isa = PBXFileReference; fileEncoding = 4; lastKnownFileType = sourcecode.c.objc; path = KVGameCell.m; sourceTree = "<group>"; };
		0A647ED01CEC0EDD00BE128F /* KVGame.h */ = {isa = PBXFileReference; fileEncoding = 4; lastKnownFileType = sourcecode.c.h; path = KVGame.h; sourceTree = "<group>"; };
		0A647ED11CEC0EDD00BE128F /* KVGame.m */ = {isa = PBXFileReference; fileEncoding = 4; lastKnownFileType = sourcecode.c.objc; path = KVGame.m; sourceTree = "<group>"; };
		0A6808BE1CDF2FD300023AF1 /* KVShopView.xib */ = {isa = PBXFileReference; fileEncoding = 4; lastKnownFileType = file.xib; path = KVShopView.xib; sourceTree = "<group>"; };
		0A6808C01CDF30DF00023AF1 /* KVShopView.h */ = {isa = PBXFileReference; fileEncoding = 4; lastKnownFileType = sourcecode.c.h; path = KVShopView.h; sourceTree = "<group>"; };
		0A6808C11CDF30DF00023AF1 /* KVShopView.m */ = {isa = PBXFileReference; fileEncoding = 4; lastKnownFileType = sourcecode.c.objc; path = KVShopView.m; sourceTree = "<group>"; };
		0A8EFAEC1CE45D9E008B950C /* CommandLineTool */ = {isa = PBXFileReference; explicitFileType = "compiled.mach-o.executable"; includeInIndex = 0; path = CommandLineTool; sourceTree = BUILT_PRODUCTS_DIR; };
		0A8EFAEE1CE45D9E008B950C /* main.c */ = {isa = PBXFileReference; lastKnownFileType = sourcecode.c.c; path = main.c; sourceTree = "<group>"; };
		0A8EFAF51CE45E48008B950C /* list.h */ = {isa = PBXFileReference; fileEncoding = 4; lastKnownFileType = sourcecode.c.h; path = list.h; sourceTree = "<group>"; };
		0A8EFAF61CE45E55008B950C /* list.c */ = {isa = PBXFileReference; fileEncoding = 4; lastKnownFileType = sourcecode.c.c; path = list.c; sourceTree = "<group>"; };
		0A8EFAF81CE45E7A008B950C /* stack.h */ = {isa = PBXFileReference; fileEncoding = 4; lastKnownFileType = sourcecode.c.h; path = stack.h; sourceTree = "<group>"; };
		0A8EFAF91CE45E86008B950C /* stack.c */ = {isa = PBXFileReference; fileEncoding = 4; lastKnownFileType = sourcecode.c.c; path = stack.c; sourceTree = "<group>"; };
		0A97BA6E1CDF550A004DEB57 /* KVShop.h */ = {isa = PBXFileReference; fileEncoding = 4; lastKnownFileType = sourcecode.c.h; path = KVShop.h; sourceTree = "<group>"; };
		0A97BA6F1CDF550A004DEB57 /* KVShop.m */ = {isa = PBXFileReference; fileEncoding = 4; lastKnownFileType = sourcecode.c.objc; path = KVShop.m; sourceTree = "<group>"; };
		0AA2F27F1CEB05B4003F9155 /* Foundation.framework */ = {isa = PBXFileReference; lastKnownFileType = wrapper.framework; name = Foundation.framework; path = Library/Frameworks/Foundation.framework; sourceTree = DEVELOPER_DIR; };
		0AA2F2811CEB05B4003F9155 /* CoreGraphics.framework */ = {isa = PBXFileReference; lastKnownFileType = wrapper.framework; name = CoreGraphics.framework; path = Library/Frameworks/CoreGraphics.framework; sourceTree = DEVELOPER_DIR; };
		0AA2F2831CEB05B4003F9155 /* UIKit.framework */ = {isa = PBXFileReference; lastKnownFileType = wrapper.framework; name = UIKit.framework; path = Library/Frameworks/UIKit.framework; sourceTree = DEVELOPER_DIR; };
		0AA2F29E1CEB05B5003F9155 /* XCTest.framework */ = {isa = PBXFileReference; lastKnownFileType = wrapper.framework; name = XCTest.framework; path = Library/Frameworks/XCTest.framework; sourceTree = DEVELOPER_DIR; };
		0AA524221D056DD100E76CCB /* UICollectionView.app */ = {isa = PBXFileReference; explicitFileType = wrapper.application; includeInIndex = 0; path = UICollectionView.app; sourceTree = BUILT_PRODUCTS_DIR; };
		0AA524251D056DD100E76CCB /* main.m */ = {isa = PBXFileReference; lastKnownFileType = sourcecode.c.objc; path = main.m; sourceTree = "<group>"; };
		0AA524271D056DD100E76CCB /* AppDelegate.h */ = {isa = PBXFileReference; lastKnownFileType = sourcecode.c.h; path = AppDelegate.h; sourceTree = "<group>"; };
		0AA524281D056DD100E76CCB /* AppDelegate.m */ = {isa = PBXFileReference; lastKnownFileType = sourcecode.c.objc; path = AppDelegate.m; sourceTree = "<group>"; };
		0AA5242A1D056DD100E76CCB /* ViewController.h */ = {isa = PBXFileReference; lastKnownFileType = sourcecode.c.h; path = ViewController.h; sourceTree = "<group>"; };
		0AA5242B1D056DD100E76CCB /* ViewController.m */ = {isa = PBXFileReference; lastKnownFileType = sourcecode.c.objc; path = ViewController.m; sourceTree = "<group>"; };
		0AA5242E1D056DD100E76CCB /* Base */ = {isa = PBXFileReference; lastKnownFileType = file.storyboard; name = Base; path = Base.lproj/Main.storyboard; sourceTree = "<group>"; };
		0AA524301D056DD100E76CCB /* Assets.xcassets */ = {isa = PBXFileReference; lastKnownFileType = folder.assetcatalog; path = Assets.xcassets; sourceTree = "<group>"; };
		0AA524331D056DD100E76CCB /* Base */ = {isa = PBXFileReference; lastKnownFileType = file.storyboard; name = Base; path = Base.lproj/LaunchScreen.storyboard; sourceTree = "<group>"; };
		0AA524351D056DD100E76CCB /* Info.plist */ = {isa = PBXFileReference; lastKnownFileType = text.plist.xml; path = Info.plist; sourceTree = "<group>"; };
		0AA524391D056E4600E76CCB /* shop.plist */ = {isa = PBXFileReference; fileEncoding = 4; lastKnownFileType = text.plist.xml; path = shop.plist; sourceTree = "<group>"; };
		0AA5243B1D05701F00E76CCB /* ShopCell.h */ = {isa = PBXFileReference; fileEncoding = 4; lastKnownFileType = sourcecode.c.h; path = ShopCell.h; sourceTree = "<group>"; };
		0AA5243C1D05701F00E76CCB /* ShopCell.m */ = {isa = PBXFileReference; fileEncoding = 4; lastKnownFileType = sourcecode.c.objc; path = ShopCell.m; sourceTree = "<group>"; };
		0AA5243D1D05701F00E76CCB /* ShopCell.xib */ = {isa = PBXFileReference; fileEncoding = 4; lastKnownFileType = file.xib; path = ShopCell.xib; sourceTree = "<group>"; };
		0AA524401D05706C00E76CCB /* ShopModel.h */ = {isa = PBXFileReference; fileEncoding = 4; lastKnownFileType = sourcecode.c.h; path = ShopModel.h; sourceTree = "<group>"; };
		0AA524411D05706C00E76CCB /* ShopModel.m */ = {isa = PBXFileReference; fileEncoding = 4; lastKnownFileType = sourcecode.c.objc; path = ShopModel.m; sourceTree = "<group>"; };
		0AA524431D0570FD00E76CCB /* WaterFlowLayout.h */ = {isa = PBXFileReference; fileEncoding = 4; lastKnownFileType = sourcecode.c.h; path = WaterFlowLayout.h; sourceTree = "<group>"; };
		0AA524441D0570FD00E76CCB /* WaterFlowLayout.m */ = {isa = PBXFileReference; fileEncoding = 4; lastKnownFileType = sourcecode.c.objc; path = WaterFlowLayout.m; sourceTree = "<group>"; };
		0ACBBB011CEBEE3100309F7A /* tableView.app */ = {isa = PBXFileReference; explicitFileType = wrapper.application; includeInIndex = 0; path = tableView.app; sourceTree = BUILT_PRODUCTS_DIR; };
		0ACBBB071CEBEE3100309F7A /* tableView-Info.plist */ = {isa = PBXFileReference; lastKnownFileType = text.plist.xml; path = "tableView-Info.plist"; sourceTree = "<group>"; };
		0ACBBB091CEBEE3100309F7A /* en */ = {isa = PBXFileReference; lastKnownFileType = text.plist.strings; name = en; path = en.lproj/InfoPlist.strings; sourceTree = "<group>"; };
		0ACBBB0B1CEBEE3100309F7A /* main.m */ = {isa = PBXFileReference; lastKnownFileType = sourcecode.c.objc; path = main.m; sourceTree = "<group>"; };
		0ACBBB0D1CEBEE3100309F7A /* tableView-Prefix.pch */ = {isa = PBXFileReference; lastKnownFileType = sourcecode.c.h; path = "tableView-Prefix.pch"; sourceTree = "<group>"; };
		0ACBBB0E1CEBEE3100309F7A /* AppDelegate.h */ = {isa = PBXFileReference; lastKnownFileType = sourcecode.c.h; path = AppDelegate.h; sourceTree = "<group>"; };
		0ACBBB0F1CEBEE3100309F7A /* AppDelegate.m */ = {isa = PBXFileReference; lastKnownFileType = sourcecode.c.objc; path = AppDelegate.m; sourceTree = "<group>"; };
		0ACBBB121CEBEE3100309F7A /* Base */ = {isa = PBXFileReference; lastKnownFileType = file.storyboard; name = Base; path = Base.lproj/Main.storyboard; sourceTree = "<group>"; };
		0ACBBB171CEBEE3200309F7A /* Images.xcassets */ = {isa = PBXFileReference; lastKnownFileType = folder.assetcatalog; path = Images.xcassets; sourceTree = "<group>"; };
		0AFF3E1C1CFB1158000D7BBD /* codeOnly_chatting.app */ = {isa = PBXFileReference; explicitFileType = wrapper.application; includeInIndex = 0; path = codeOnly_chatting.app; sourceTree = BUILT_PRODUCTS_DIR; };
		0AFF3E1F1CFB1158000D7BBD /* main.m */ = {isa = PBXFileReference; lastKnownFileType = sourcecode.c.objc; path = main.m; sourceTree = "<group>"; };
		0AFF3E211CFB1158000D7BBD /* AppDelegate.h */ = {isa = PBXFileReference; lastKnownFileType = sourcecode.c.h; path = AppDelegate.h; sourceTree = "<group>"; };
		0AFF3E221CFB1158000D7BBD /* AppDelegate.m */ = {isa = PBXFileReference; lastKnownFileType = sourcecode.c.objc; path = AppDelegate.m; sourceTree = "<group>"; };
		0AFF3E281CFB1158000D7BBD /* Base */ = {isa = PBXFileReference; lastKnownFileType = file.storyboard; name = Base; path = Base.lproj/Main.storyboard; sourceTree = "<group>"; };
		0AFF3E2A1CFB1158000D7BBD /* Assets.xcassets */ = {isa = PBXFileReference; lastKnownFileType = folder.assetcatalog; path = Assets.xcassets; sourceTree = "<group>"; };
		0AFF3E2D1CFB1158000D7BBD /* Base */ = {isa = PBXFileReference; lastKnownFileType = file.storyboard; name = Base; path = Base.lproj/LaunchScreen.storyboard; sourceTree = "<group>"; };
		0AFF3E2F1CFB1158000D7BBD /* Info.plist */ = {isa = PBXFileReference; lastKnownFileType = text.plist.xml; path = Info.plist; sourceTree = "<group>"; };
		0AFF3E331CFB1191000D7BBD /* KVMessage.h */ = {isa = PBXFileReference; fileEncoding = 4; lastKnownFileType = sourcecode.c.h; path = KVMessage.h; sourceTree = "<group>"; };
		0AFF3E341CFB1191000D7BBD /* KVMessage.m */ = {isa = PBXFileReference; fileEncoding = 4; lastKnownFileType = sourcecode.c.objc; path = KVMessage.m; sourceTree = "<group>"; };
		0AFF3E351CFB1191000D7BBD /* KVMessageCell.h */ = {isa = PBXFileReference; fileEncoding = 4; lastKnownFileType = sourcecode.c.h; path = KVMessageCell.h; sourceTree = "<group>"; };
		0AFF3E361CFB1191000D7BBD /* KVMessageCell.m */ = {isa = PBXFileReference; fileEncoding = 4; lastKnownFileType = sourcecode.c.objc; path = KVMessageCell.m; sourceTree = "<group>"; };
		0AFF3E391CFB11A9000D7BBD /* ViewController.h */ = {isa = PBXFileReference; fileEncoding = 4; lastKnownFileType = sourcecode.c.h; path = ViewController.h; sourceTree = "<group>"; };
		0AFF3E3A1CFB11A9000D7BBD /* ViewController.m */ = {isa = PBXFileReference; fileEncoding = 4; lastKnownFileType = sourcecode.c.objc; path = ViewController.m; sourceTree = "<group>"; };
		0AFF3E3C1CFB1204000D7BBD /* messages.plist */ = {isa = PBXFileReference; fileEncoding = 4; lastKnownFileType = text.plist.xml; path = messages.plist; sourceTree = "<group>"; };
		0AFF3E3F1CFB120E000D7BBD /* MASCompositeConstraint.h */ = {isa = PBXFileReference; fileEncoding = 4; lastKnownFileType = sourcecode.c.h; path = MASCompositeConstraint.h; sourceTree = "<group>"; };
		0AFF3E401CFB120E000D7BBD /* MASCompositeConstraint.m */ = {isa = PBXFileReference; fileEncoding = 4; lastKnownFileType = sourcecode.c.objc; path = MASCompositeConstraint.m; sourceTree = "<group>"; };
		0AFF3E411CFB120E000D7BBD /* MASConstraint+Private.h */ = {isa = PBXFileReference; fileEncoding = 4; lastKnownFileType = sourcecode.c.h; path = "MASConstraint+Private.h"; sourceTree = "<group>"; };
		0AFF3E421CFB120E000D7BBD /* MASConstraint.h */ = {isa = PBXFileReference; fileEncoding = 4; lastKnownFileType = sourcecode.c.h; path = MASConstraint.h; sourceTree = "<group>"; };
		0AFF3E431CFB120E000D7BBD /* MASConstraint.m */ = {isa = PBXFileReference; fileEncoding = 4; lastKnownFileType = sourcecode.c.objc; path = MASConstraint.m; sourceTree = "<group>"; };
		0AFF3E441CFB120E000D7BBD /* MASConstraintMaker.h */ = {isa = PBXFileReference; fileEncoding = 4; lastKnownFileType = sourcecode.c.h; path = MASConstraintMaker.h; sourceTree = "<group>"; };
		0AFF3E451CFB120E000D7BBD /* MASConstraintMaker.m */ = {isa = PBXFileReference; fileEncoding = 4; lastKnownFileType = sourcecode.c.objc; path = MASConstraintMaker.m; sourceTree = "<group>"; };
		0AFF3E461CFB120E000D7BBD /* MASLayoutConstraint.h */ = {isa = PBXFileReference; fileEncoding = 4; lastKnownFileType = sourcecode.c.h; path = MASLayoutConstraint.h; sourceTree = "<group>"; };
		0AFF3E471CFB120E000D7BBD /* MASLayoutConstraint.m */ = {isa = PBXFileReference; fileEncoding = 4; lastKnownFileType = sourcecode.c.objc; path = MASLayoutConstraint.m; sourceTree = "<group>"; };
		0AFF3E481CFB120E000D7BBD /* Masonry.h */ = {isa = PBXFileReference; fileEncoding = 4; lastKnownFileType = sourcecode.c.h; path = Masonry.h; sourceTree = "<group>"; };
		0AFF3E491CFB120E000D7BBD /* MASUtilities.h */ = {isa = PBXFileReference; fileEncoding = 4; lastKnownFileType = sourcecode.c.h; path = MASUtilities.h; sourceTree = "<group>"; };
		0AFF3E4A1CFB120E000D7BBD /* MASViewAttribute.h */ = {isa = PBXFileReference; fileEncoding = 4; lastKnownFileType = sourcecode.c.h; path = MASViewAttribute.h; sourceTree = "<group>"; };
		0AFF3E4B1CFB120E000D7BBD /* MASViewAttribute.m */ = {isa = PBXFileReference; fileEncoding = 4; lastKnownFileType = sourcecode.c.objc; path = MASViewAttribute.m; sourceTree = "<group>"; };
		0AFF3E4C1CFB120E000D7BBD /* MASViewConstraint.h */ = {isa = PBXFileReference; fileEncoding = 4; lastKnownFileType = sourcecode.c.h; path = MASViewConstraint.h; sourceTree = "<group>"; };
		0AFF3E4D1CFB120E000D7BBD /* MASViewConstraint.m */ = {isa = PBXFileReference; fileEncoding = 4; lastKnownFileType = sourcecode.c.objc; path = MASViewConstraint.m; sourceTree = "<group>"; };
		0AFF3E4E1CFB120E000D7BBD /* NSArray+MASAdditions.h */ = {isa = PBXFileReference; fileEncoding = 4; lastKnownFileType = sourcecode.c.h; path = "NSArray+MASAdditions.h"; sourceTree = "<group>"; };
		0AFF3E4F1CFB120E000D7BBD /* NSArray+MASAdditions.m */ = {isa = PBXFileReference; fileEncoding = 4; lastKnownFileType = sourcecode.c.objc; path = "NSArray+MASAdditions.m"; sourceTree = "<group>"; };
		0AFF3E501CFB120E000D7BBD /* NSArray+MASShorthandAdditions.h */ = {isa = PBXFileReference; fileEncoding = 4; lastKnownFileType = sourcecode.c.h; path = "NSArray+MASShorthandAdditions.h"; sourceTree = "<group>"; };
		0AFF3E511CFB120E000D7BBD /* NSLayoutConstraint+MASDebugAdditions.h */ = {isa = PBXFileReference; fileEncoding = 4; lastKnownFileType = sourcecode.c.h; path = "NSLayoutConstraint+MASDebugAdditions.h"; sourceTree = "<group>"; };
		0AFF3E521CFB120E000D7BBD /* NSLayoutConstraint+MASDebugAdditions.m */ = {isa = PBXFileReference; fileEncoding = 4; lastKnownFileType = sourcecode.c.objc; path = "NSLayoutConstraint+MASDebugAdditions.m"; sourceTree = "<group>"; };
		0AFF3E531CFB120E000D7BBD /* View+MASAdditions.h */ = {isa = PBXFileReference; fileEncoding = 4; lastKnownFileType = sourcecode.c.h; path = "View+MASAdditions.h"; sourceTree = "<group>"; };
		0AFF3E541CFB120E000D7BBD /* View+MASAdditions.m */ = {isa = PBXFileReference; fileEncoding = 4; lastKnownFileType = sourcecode.c.objc; path = "View+MASAdditions.m"; sourceTree = "<group>"; };
		0AFF3E551CFB120E000D7BBD /* View+MASShorthandAdditions.h */ = {isa = PBXFileReference; fileEncoding = 4; lastKnownFileType = sourcecode.c.h; path = "View+MASShorthandAdditions.h"; sourceTree = "<group>"; };
		DA1C34A21CE4690000973A8C /* shops.plist */ = {isa = PBXFileReference; fileEncoding = 4; lastKnownFileType = text.plist.xml; path = shops.plist; sourceTree = "<group>"; };
		DADA406B1C96554E00D693E1 /* iOSDemo.app */ = {isa = PBXFileReference; explicitFileType = wrapper.application; includeInIndex = 0; path = iOSDemo.app; sourceTree = BUILT_PRODUCTS_DIR; };
		DADA406F1C96554E00D693E1 /* main.m */ = {isa = PBXFileReference; lastKnownFileType = sourcecode.c.objc; path = main.m; sourceTree = "<group>"; };
		DADA40711C96554E00D693E1 /* AppDelegate.h */ = {isa = PBXFileReference; lastKnownFileType = sourcecode.c.h; path = AppDelegate.h; sourceTree = "<group>"; };
		DADA40721C96554E00D693E1 /* AppDelegate.m */ = {isa = PBXFileReference; lastKnownFileType = sourcecode.c.objc; path = AppDelegate.m; sourceTree = "<group>"; };
		DADA40741C96554E00D693E1 /* ViewController.h */ = {isa = PBXFileReference; lastKnownFileType = sourcecode.c.h; path = ViewController.h; sourceTree = "<group>"; };
		DADA40751C96554E00D693E1 /* ViewController.m */ = {isa = PBXFileReference; lastKnownFileType = sourcecode.c.objc; path = ViewController.m; sourceTree = "<group>"; };
		DADA40781C96554E00D693E1 /* Base */ = {isa = PBXFileReference; lastKnownFileType = file.storyboard; name = Base; path = Base.lproj/Main.storyboard; sourceTree = "<group>"; };
		DADA407A1C96554E00D693E1 /* Assets.xcassets */ = {isa = PBXFileReference; lastKnownFileType = folder.assetcatalog; path = Assets.xcassets; sourceTree = "<group>"; };
		DADA407D1C96554E00D693E1 /* Base */ = {isa = PBXFileReference; lastKnownFileType = file.storyboard; name = Base; path = Base.lproj/LaunchScreen.storyboard; sourceTree = "<group>"; };
		DADA407F1C96554E00D693E1 /* Info.plist */ = {isa = PBXFileReference; lastKnownFileType = text.plist.xml; path = Info.plist; sourceTree = "<group>"; };
/* End PBXFileReference section */

/* Begin PBXFrameworksBuildPhase section */
		0A8EFAE91CE45D9E008B950C /* Frameworks */ = {
			isa = PBXFrameworksBuildPhase;
			buildActionMask = 2147483647;
			files = (
			);
			runOnlyForDeploymentPostprocessing = 0;
		};
		0AA5241F1D056DD100E76CCB /* Frameworks */ = {
			isa = PBXFrameworksBuildPhase;
			buildActionMask = 2147483647;
			files = (
			);
			runOnlyForDeploymentPostprocessing = 0;
		};
		0ACBBAFE1CEBEE3100309F7A /* Frameworks */ = {
			isa = PBXFrameworksBuildPhase;
			buildActionMask = 2147483647;
			files = (
				0ACBBB031CEBEE3100309F7A /* CoreGraphics.framework in Frameworks */,
				0ACBBB041CEBEE3100309F7A /* UIKit.framework in Frameworks */,
				0ACBBB021CEBEE3100309F7A /* Foundation.framework in Frameworks */,
			);
			runOnlyForDeploymentPostprocessing = 0;
		};
		0AFF3E191CFB1158000D7BBD /* Frameworks */ = {
			isa = PBXFrameworksBuildPhase;
			buildActionMask = 2147483647;
			files = (
			);
			runOnlyForDeploymentPostprocessing = 0;
		};
		DADA40681C96554E00D693E1 /* Frameworks */ = {
			isa = PBXFrameworksBuildPhase;
			buildActionMask = 2147483647;
			files = (
			);
			runOnlyForDeploymentPostprocessing = 0;
		};
/* End PBXFrameworksBuildPhase section */

/* Begin PBXGroup section */
		0A8EFAED1CE45D9E008B950C /* CommandLineTool */ = {
			isa = PBXGroup;
			children = (
				0A8EFAEE1CE45D9E008B950C /* main.c */,
				0A8EFAF51CE45E48008B950C /* list.h */,
				0A8EFAF61CE45E55008B950C /* list.c */,
				0A8EFAF81CE45E7A008B950C /* stack.h */,
				0A8EFAF91CE45E86008B950C /* stack.c */,
			);
			path = CommandLineTool;
			sourceTree = "<group>";
		};
		0AA2F27E1CEB05B4003F9155 /* Frameworks */ = {
			isa = PBXGroup;
			children = (
				0AA2F27F1CEB05B4003F9155 /* Foundation.framework */,
				0AA2F2811CEB05B4003F9155 /* CoreGraphics.framework */,
				0AA2F2831CEB05B4003F9155 /* UIKit.framework */,
				0AA2F29E1CEB05B5003F9155 /* XCTest.framework */,
			);
			name = Frameworks;
			sourceTree = "<group>";
		};
		0AA524231D056DD100E76CCB /* UICollectionView */ = {
			isa = PBXGroup;
			children = (
				0AA524271D056DD100E76CCB /* AppDelegate.h */,
				0AA524281D056DD100E76CCB /* AppDelegate.m */,
				0AA5243B1D05701F00E76CCB /* ShopCell.h */,
				0AA5243C1D05701F00E76CCB /* ShopCell.m */,
				0AA5243D1D05701F00E76CCB /* ShopCell.xib */,
				0AA524401D05706C00E76CCB /* ShopModel.h */,
				0AA524411D05706C00E76CCB /* ShopModel.m */,
				0AA5242A1D056DD100E76CCB /* ViewController.h */,
				0AA5242B1D056DD100E76CCB /* ViewController.m */,
				0AA524431D0570FD00E76CCB /* WaterFlowLayout.h */,
				0AA524441D0570FD00E76CCB /* WaterFlowLayout.m */,
				0AA524241D056DD100E76CCB /* Supporting Files */,
			);
			path = UICollectionView;
			sourceTree = "<group>";
		};
		0AA524241D056DD100E76CCB /* Supporting Files */ = {
			isa = PBXGroup;
			children = (
				0AA524301D056DD100E76CCB /* Assets.xcassets */,
				0AA524321D056DD100E76CCB /* LaunchScreen.storyboard */,
				0AA5242D1D056DD100E76CCB /* Main.storyboard */,
				0AA524391D056E4600E76CCB /* shop.plist */,
				0AA524351D056DD100E76CCB /* Info.plist */,
				0AA524251D056DD100E76CCB /* main.m */,
			);
			name = "Supporting Files";
			sourceTree = "<group>";
		};
		0ACBBB051CEBEE3100309F7A /* tableView */ = {
			isa = PBXGroup;
			children = (
				0ACBBB0E1CEBEE3100309F7A /* AppDelegate.h */,
				0ACBBB0F1CEBEE3100309F7A /* AppDelegate.m */,
				0A647EC71CEBF89A00BE128F /* KVGameTableViewController.h */,
				0A647EC81CEBF89A00BE128F /* KVGameTableViewController.m */,
				0A647ECD1CEBFE8400BE128F /* KVGameCell.h */,
				0A647ECE1CEBFE8400BE128F /* KVGameCell.m */,
				0A647ED01CEC0EDD00BE128F /* KVGame.h */,
				0A647ED11CEC0EDD00BE128F /* KVGame.m */,
				0ACBBB061CEBEE3100309F7A /* Supporting Files */,
			);
			path = tableView;
			sourceTree = "<group>";
		};
		0ACBBB061CEBEE3100309F7A /* Supporting Files */ = {
			isa = PBXGroup;
			children = (
				0ACBBB071CEBEE3100309F7A /* tableView-Info.plist */,
				0ACBBB171CEBEE3200309F7A /* Images.xcassets */,
				0ACBBB111CEBEE3100309F7A /* Main.storyboard */,
				0A647EC51CEBF1F300BE128F /* games.plist */,
				0ACBBB081CEBEE3100309F7A /* InfoPlist.strings */,
				0ACBBB0B1CEBEE3100309F7A /* main.m */,
				0ACBBB0D1CEBEE3100309F7A /* tableView-Prefix.pch */,
			);
			name = "Supporting Files";
			sourceTree = "<group>";
		};
		0AFF3E1D1CFB1158000D7BBD /* codeOnly_chatting */ = {
			isa = PBXGroup;
			children = (
				0AFF3E3E1CFB120E000D7BBD /* Masonry */,
				0AFF3E391CFB11A9000D7BBD /* ViewController.h */,
				0AFF3E3A1CFB11A9000D7BBD /* ViewController.m */,
				0AFF3E331CFB1191000D7BBD /* KVMessage.h */,
				0AFF3E341CFB1191000D7BBD /* KVMessage.m */,
				0AFF3E351CFB1191000D7BBD /* KVMessageCell.h */,
				0AFF3E361CFB1191000D7BBD /* KVMessageCell.m */,
				0AFF3E211CFB1158000D7BBD /* AppDelegate.h */,
				0AFF3E221CFB1158000D7BBD /* AppDelegate.m */,
				0AFF3E271CFB1158000D7BBD /* Main.storyboard */,
				0AFF3E2A1CFB1158000D7BBD /* Assets.xcassets */,
				0AFF3E2C1CFB1158000D7BBD /* LaunchScreen.storyboard */,
				0AFF3E2F1CFB1158000D7BBD /* Info.plist */,
				0AFF3E3C1CFB1204000D7BBD /* messages.plist */,
				0AFF3E1E1CFB1158000D7BBD /* Supporting Files */,
			);
			path = codeOnly_chatting;
			sourceTree = "<group>";
		};
		0AFF3E1E1CFB1158000D7BBD /* Supporting Files */ = {
			isa = PBXGroup;
			children = (
				0AFF3E1F1CFB1158000D7BBD /* main.m */,
			);
			name = "Supporting Files";
			sourceTree = "<group>";
		};
		0AFF3E3E1CFB120E000D7BBD /* Masonry */ = {
			isa = PBXGroup;
			children = (
				0AFF3E3F1CFB120E000D7BBD /* MASCompositeConstraint.h */,
				0AFF3E401CFB120E000D7BBD /* MASCompositeConstraint.m */,
				0AFF3E411CFB120E000D7BBD /* MASConstraint+Private.h */,
				0AFF3E421CFB120E000D7BBD /* MASConstraint.h */,
				0AFF3E431CFB120E000D7BBD /* MASConstraint.m */,
				0AFF3E441CFB120E000D7BBD /* MASConstraintMaker.h */,
				0AFF3E451CFB120E000D7BBD /* MASConstraintMaker.m */,
				0AFF3E461CFB120E000D7BBD /* MASLayoutConstraint.h */,
				0AFF3E471CFB120E000D7BBD /* MASLayoutConstraint.m */,
				0AFF3E481CFB120E000D7BBD /* Masonry.h */,
				0AFF3E491CFB120E000D7BBD /* MASUtilities.h */,
				0AFF3E4A1CFB120E000D7BBD /* MASViewAttribute.h */,
				0AFF3E4B1CFB120E000D7BBD /* MASViewAttribute.m */,
				0AFF3E4C1CFB120E000D7BBD /* MASViewConstraint.h */,
				0AFF3E4D1CFB120E000D7BBD /* MASViewConstraint.m */,
				0AFF3E4E1CFB120E000D7BBD /* NSArray+MASAdditions.h */,
				0AFF3E4F1CFB120E000D7BBD /* NSArray+MASAdditions.m */,
				0AFF3E501CFB120E000D7BBD /* NSArray+MASShorthandAdditions.h */,
				0AFF3E511CFB120E000D7BBD /* NSLayoutConstraint+MASDebugAdditions.h */,
				0AFF3E521CFB120E000D7BBD /* NSLayoutConstraint+MASDebugAdditions.m */,
				0AFF3E531CFB120E000D7BBD /* View+MASAdditions.h */,
				0AFF3E541CFB120E000D7BBD /* View+MASAdditions.m */,
				0AFF3E551CFB120E000D7BBD /* View+MASShorthandAdditions.h */,
			);
			path = Masonry;
			sourceTree = "<group>";
		};
		DADA40621C96554E00D693E1 = {
			isa = PBXGroup;
			children = (
				DADA406D1C96554E00D693E1 /* iOSDemo */,
				0A8EFAED1CE45D9E008B950C /* CommandLineTool */,
				0ACBBB051CEBEE3100309F7A /* tableView */,
				0AFF3E1D1CFB1158000D7BBD /* codeOnly_chatting */,
				0AA524231D056DD100E76CCB /* UICollectionView */,
				0AA2F27E1CEB05B4003F9155 /* Frameworks */,
				DADA406C1C96554E00D693E1 /* Products */,
			);
			sourceTree = "<group>";
		};
		DADA406C1C96554E00D693E1 /* Products */ = {
			isa = PBXGroup;
			children = (
				DADA406B1C96554E00D693E1 /* iOSDemo.app */,
				0A8EFAEC1CE45D9E008B950C /* CommandLineTool */,
				0ACBBB011CEBEE3100309F7A /* tableView.app */,
				0AFF3E1C1CFB1158000D7BBD /* codeOnly_chatting.app */,
				0AA524221D056DD100E76CCB /* UICollectionView.app */,
			);
			name = Products;
			sourceTree = "<group>";
		};
		DADA406D1C96554E00D693E1 /* iOSDemo */ = {
			isa = PBXGroup;
			children = (
				0A4261661CDCC25400B11A59 /* KVAddCaculater.xib */,
				0A4261681CDCC6F900B11A59 /* KVAddCaculater.h */,
				0A4261691CDCC6F900B11A59 /* KVAddCaculater.m */,
				DADA40711C96554E00D693E1 /* AppDelegate.h */,
				DADA40721C96554E00D693E1 /* AppDelegate.m */,
				DADA40741C96554E00D693E1 /* ViewController.h */,
				DADA40751C96554E00D693E1 /* ViewController.m */,
				DADA40771C96554E00D693E1 /* Main.storyboard */,
				0A6808BE1CDF2FD300023AF1 /* KVShopView.xib */,
				0A6808C01CDF30DF00023AF1 /* KVShopView.h */,
				0A6808C11CDF30DF00023AF1 /* KVShopView.m */,
				0A97BA6E1CDF550A004DEB57 /* KVShop.h */,
				0A97BA6F1CDF550A004DEB57 /* KVShop.m */,
				DADA406E1C96554E00D693E1 /* Supporting Files */,
			);
			path = iOSDemo;
			sourceTree = "<group>";
		};
		DADA406E1C96554E00D693E1 /* Supporting Files */ = {
			isa = PBXGroup;
			children = (
				DA1C34A21CE4690000973A8C /* shops.plist */,
				DADA407A1C96554E00D693E1 /* Assets.xcassets */,
				DADA407C1C96554E00D693E1 /* LaunchScreen.storyboard */,
				DADA407F1C96554E00D693E1 /* Info.plist */,
				DADA406F1C96554E00D693E1 /* main.m */,
			);
			name = "Supporting Files";
			sourceTree = "<group>";
		};
/* End PBXGroup section */

/* Begin PBXNativeTarget section */
		0A8EFAEB1CE45D9E008B950C /* CommandLineTool */ = {
			isa = PBXNativeTarget;
			buildConfigurationList = 0A8EFAF21CE45D9E008B950C /* Build configuration list for PBXNativeTarget "CommandLineTool" */;
			buildPhases = (
				0A8EFAE81CE45D9E008B950C /* Sources */,
				0A8EFAE91CE45D9E008B950C /* Frameworks */,
				0A8EFAEA1CE45D9E008B950C /* CopyFiles */,
			);
			buildRules = (
			);
			dependencies = (
			);
			name = CommandLineTool;
			productName = CommandLineTool;
			productReference = 0A8EFAEC1CE45D9E008B950C /* CommandLineTool */;
			productType = "com.apple.product-type.tool";
		};
		0AA524211D056DD100E76CCB /* UICollectionView */ = {
			isa = PBXNativeTarget;
			buildConfigurationList = 0AA524361D056DD100E76CCB /* Build configuration list for PBXNativeTarget "UICollectionView" */;
			buildPhases = (
				0AA5241E1D056DD100E76CCB /* Sources */,
				0AA5241F1D056DD100E76CCB /* Frameworks */,
				0AA524201D056DD100E76CCB /* Resources */,
			);
			buildRules = (
			);
			dependencies = (
			);
			name = UICollectionView;
			productName = UICollectionView;
			productReference = 0AA524221D056DD100E76CCB /* UICollectionView.app */;
			productType = "com.apple.product-type.application";
		};
		0ACBBB001CEBEE3100309F7A /* tableView */ = {
			isa = PBXNativeTarget;
			buildConfigurationList = 0ACBBB2B1CEBEE3200309F7A /* Build configuration list for PBXNativeTarget "tableView" */;
			buildPhases = (
				0ACBBAFD1CEBEE3100309F7A /* Sources */,
				0ACBBAFE1CEBEE3100309F7A /* Frameworks */,
				0ACBBAFF1CEBEE3100309F7A /* Resources */,
			);
			buildRules = (
			);
			dependencies = (
			);
			name = tableView;
			productName = tableView;
			productReference = 0ACBBB011CEBEE3100309F7A /* tableView.app */;
			productType = "com.apple.product-type.application";
		};
		0AFF3E1B1CFB1158000D7BBD /* codeOnly_chatting */ = {
			isa = PBXNativeTarget;
			buildConfigurationList = 0AFF3E301CFB1158000D7BBD /* Build configuration list for PBXNativeTarget "codeOnly_chatting" */;
			buildPhases = (
				0AFF3E181CFB1158000D7BBD /* Sources */,
				0AFF3E191CFB1158000D7BBD /* Frameworks */,
				0AFF3E1A1CFB1158000D7BBD /* Resources */,
			);
			buildRules = (
			);
			dependencies = (
			);
			name = codeOnly_chatting;
			productName = codeOnly_chatting;
			productReference = 0AFF3E1C1CFB1158000D7BBD /* codeOnly_chatting.app */;
			productType = "com.apple.product-type.application";
		};
		DADA406A1C96554E00D693E1 /* iOSDemo */ = {
			isa = PBXNativeTarget;
			buildConfigurationList = DADA40821C96554E00D693E1 /* Build configuration list for PBXNativeTarget "iOSDemo" */;
			buildPhases = (
				DADA40671C96554E00D693E1 /* Sources */,
				DADA40681C96554E00D693E1 /* Frameworks */,
				DADA40691C96554E00D693E1 /* Resources */,
			);
			buildRules = (
			);
			dependencies = (
			);
			name = iOSDemo;
			productName = iOSDemo;
			productReference = DADA406B1C96554E00D693E1 /* iOSDemo.app */;
			productType = "com.apple.product-type.application";
		};
/* End PBXNativeTarget section */

/* Begin PBXProject section */
		DADA40631C96554E00D693E1 /* Project object */ = {
			isa = PBXProject;
			attributes = {
				CLASSPREFIX = KV;
				LastUpgradeCheck = 0720;
				ORGANIZATIONNAME = "";
				TargetAttributes = {
					0AA524211D056DD100E76CCB = {
						CreatedOnToolsVersion = 7.3.1;
					};
					0AFF3E1B1CFB1158000D7BBD = {
						CreatedOnToolsVersion = 7.3.1;
					};
					DADA406A1C96554E00D693E1 = {
						CreatedOnToolsVersion = 7.2;
					};
				};
			};
			buildConfigurationList = DADA40661C96554E00D693E1 /* Build configuration list for PBXProject "iOSDemo" */;
			compatibilityVersion = "Xcode 3.2";
			developmentRegion = English;
			hasScannedForEncodings = 0;
			knownRegions = (
				en,
				Base,
			);
			mainGroup = DADA40621C96554E00D693E1;
			productRefGroup = DADA406C1C96554E00D693E1 /* Products */;
			projectDirPath = "";
			projectRoot = "";
			targets = (
				DADA406A1C96554E00D693E1 /* iOSDemo */,
				0A8EFAEB1CE45D9E008B950C /* CommandLineTool */,
				0ACBBB001CEBEE3100309F7A /* tableView */,
				0AFF3E1B1CFB1158000D7BBD /* codeOnly_chatting */,
				0AA524211D056DD100E76CCB /* UICollectionView */,
			);
		};
/* End PBXProject section */

/* Begin PBXResourcesBuildPhase section */
		0AA524201D056DD100E76CCB /* Resources */ = {
			isa = PBXResourcesBuildPhase;
			buildActionMask = 2147483647;
			files = (
				0AA524341D056DD100E76CCB /* LaunchScreen.storyboard in Resources */,
				0AA524311D056DD100E76CCB /* Assets.xcassets in Resources */,
				0AA5243A1D056E4600E76CCB /* shop.plist in Resources */,
				0AA5243F1D05701F00E76CCB /* ShopCell.xib in Resources */,
				0AA5242F1D056DD100E76CCB /* Main.storyboard in Resources */,
			);
			runOnlyForDeploymentPostprocessing = 0;
		};
		0ACBBAFF1CEBEE3100309F7A /* Resources */ = {
			isa = PBXResourcesBuildPhase;
			buildActionMask = 2147483647;
			files = (
				0ACBBB181CEBEE3200309F7A /* Images.xcassets in Resources */,
				0ACBBB0A1CEBEE3100309F7A /* InfoPlist.strings in Resources */,
				0A647EC61CEBF1F300BE128F /* games.plist in Resources */,
				0ACBBB131CEBEE3100309F7A /* Main.storyboard in Resources */,
			);
			runOnlyForDeploymentPostprocessing = 0;
		};
		0AFF3E1A1CFB1158000D7BBD /* Resources */ = {
			isa = PBXResourcesBuildPhase;
			buildActionMask = 2147483647;
			files = (
				0AFF3E3D1CFB1204000D7BBD /* messages.plist in Resources */,
				0AFF3E2E1CFB1158000D7BBD /* LaunchScreen.storyboard in Resources */,
				0AFF3E2B1CFB1158000D7BBD /* Assets.xcassets in Resources */,
				0AFF3E291CFB1158000D7BBD /* Main.storyboard in Resources */,
			);
			runOnlyForDeploymentPostprocessing = 0;
		};
		DADA40691C96554E00D693E1 /* Resources */ = {
			isa = PBXResourcesBuildPhase;
			buildActionMask = 2147483647;
			files = (
				DA1C34A31CE4690000973A8C /* shops.plist in Resources */,
				0A4261671CDCC25400B11A59 /* KVAddCaculater.xib in Resources */,
				DADA407E1C96554E00D693E1 /* LaunchScreen.storyboard in Resources */,
				DADA407B1C96554E00D693E1 /* Assets.xcassets in Resources */,
				DADA40791C96554E00D693E1 /* Main.storyboard in Resources */,
				0A6808BF1CDF2FD300023AF1 /* KVShopView.xib in Resources */,
			);
			runOnlyForDeploymentPostprocessing = 0;
		};
/* End PBXResourcesBuildPhase section */

/* Begin PBXSourcesBuildPhase section */
		0A8EFAE81CE45D9E008B950C /* Sources */ = {
			isa = PBXSourcesBuildPhase;
			buildActionMask = 2147483647;
			files = (
				0A8EFAFA1CE45E86008B950C /* stack.c in Sources */,
				0A8EFAEF1CE45D9E008B950C /* main.c in Sources */,
				0A8EFAF71CE45E55008B950C /* list.c in Sources */,
			);
			runOnlyForDeploymentPostprocessing = 0;
		};
		0AA5241E1D056DD100E76CCB /* Sources */ = {
			isa = PBXSourcesBuildPhase;
			buildActionMask = 2147483647;
			files = (
				0AA524421D05706C00E76CCB /* ShopModel.m in Sources */,
				0AA524451D0570FD00E76CCB /* WaterFlowLayout.m in Sources */,
				0AA5242C1D056DD100E76CCB /* ViewController.m in Sources */,
				0AA524291D056DD100E76CCB /* AppDelegate.m in Sources */,
				0AA524261D056DD100E76CCB /* main.m in Sources */,
				0AA5243E1D05701F00E76CCB /* ShopCell.m in Sources */,
			);
			runOnlyForDeploymentPostprocessing = 0;
		};
		0ACBBAFD1CEBEE3100309F7A /* Sources */ = {
			isa = PBXSourcesBuildPhase;
			buildActionMask = 2147483647;
			files = (
				0A647EC91CEBF89A00BE128F /* KVGameTableViewController.m in Sources */,
				0ACBBB101CEBEE3100309F7A /* AppDelegate.m in Sources */,
				0A647ECF1CEBFE8400BE128F /* KVGameCell.m in Sources */,
				0A647ED21CEC0EDD00BE128F /* KVGame.m in Sources */,
				0ACBBB0C1CEBEE3100309F7A /* main.m in Sources */,
			);
			runOnlyForDeploymentPostprocessing = 0;
		};
		0AFF3E181CFB1158000D7BBD /* Sources */ = {
			isa = PBXSourcesBuildPhase;
			buildActionMask = 2147483647;
			files = (
				0AFF3E5D1CFB120E000D7BBD /* NSLayoutConstraint+MASDebugAdditions.m in Sources */,
				0AFF3E371CFB1191000D7BBD /* KVMessage.m in Sources */,
				0AFF3E5B1CFB120E000D7BBD /* MASViewConstraint.m in Sources */,
				0AFF3E231CFB1158000D7BBD /* AppDelegate.m in Sources */,
				0AFF3E201CFB1158000D7BBD /* main.m in Sources */,
				0AFF3E381CFB1191000D7BBD /* KVMessageCell.m in Sources */,
				0AFF3E5E1CFB120E000D7BBD /* View+MASAdditions.m in Sources */,
				0AFF3E561CFB120E000D7BBD /* MASCompositeConstraint.m in Sources */,
				0AFF3E5A1CFB120E000D7BBD /* MASViewAttribute.m in Sources */,
				0AFF3E581CFB120E000D7BBD /* MASConstraintMaker.m in Sources */,
				0AFF3E5C1CFB120E000D7BBD /* NSArray+MASAdditions.m in Sources */,
				0AFF3E571CFB120E000D7BBD /* MASConstraint.m in Sources */,
				0AFF3E591CFB120E000D7BBD /* MASLayoutConstraint.m in Sources */,
				0AFF3E3B1CFB11A9000D7BBD /* ViewController.m in Sources */,
			);
			runOnlyForDeploymentPostprocessing = 0;
		};
		DADA40671C96554E00D693E1 /* Sources */ = {
			isa = PBXSourcesBuildPhase;
			buildActionMask = 2147483647;
			files = (
				DADA40761C96554E00D693E1 /* ViewController.m in Sources */,
				0A42616A1CDCC6F900B11A59 /* KVAddCaculater.m in Sources */,
				DADA40731C96554E00D693E1 /* AppDelegate.m in Sources */,
				DADA40701C96554E00D693E1 /* main.m in Sources */,
				0A97BA701CDF550A004DEB57 /* KVShop.m in Sources */,
				0A6808C21CDF30DF00023AF1 /* KVShopView.m in Sources */,
			);
			runOnlyForDeploymentPostprocessing = 0;
		};
/* End PBXSourcesBuildPhase section */

/* Begin PBXVariantGroup section */
		0AA5242D1D056DD100E76CCB /* Main.storyboard */ = {
			isa = PBXVariantGroup;
			children = (
				0AA5242E1D056DD100E76CCB /* Base */,
			);
			name = Main.storyboard;
			sourceTree = "<group>";
		};
		0AA524321D056DD100E76CCB /* LaunchScreen.storyboard */ = {
			isa = PBXVariantGroup;
			children = (
				0AA524331D056DD100E76CCB /* Base */,
			);
			name = LaunchScreen.storyboard;
			sourceTree = "<group>";
		};
		0ACBBB081CEBEE3100309F7A /* InfoPlist.strings */ = {
			isa = PBXVariantGroup;
			children = (
				0ACBBB091CEBEE3100309F7A /* en */,
			);
			name = InfoPlist.strings;
			sourceTree = "<group>";
		};
		0ACBBB111CEBEE3100309F7A /* Main.storyboard */ = {
			isa = PBXVariantGroup;
			children = (
				0ACBBB121CEBEE3100309F7A /* Base */,
			);
			name = Main.storyboard;
			sourceTree = "<group>";
		};
		0AFF3E271CFB1158000D7BBD /* Main.storyboard */ = {
			isa = PBXVariantGroup;
			children = (
				0AFF3E281CFB1158000D7BBD /* Base */,
			);
			name = Main.storyboard;
			sourceTree = "<group>";
		};
		0AFF3E2C1CFB1158000D7BBD /* LaunchScreen.storyboard */ = {
			isa = PBXVariantGroup;
			children = (
				0AFF3E2D1CFB1158000D7BBD /* Base */,
			);
			name = LaunchScreen.storyboard;
			sourceTree = "<group>";
		};
		DADA40771C96554E00D693E1 /* Main.storyboard */ = {
			isa = PBXVariantGroup;
			children = (
				DADA40781C96554E00D693E1 /* Base */,
			);
			name = Main.storyboard;
			sourceTree = "<group>";
		};
		DADA407C1C96554E00D693E1 /* LaunchScreen.storyboard */ = {
			isa = PBXVariantGroup;
			children = (
				DADA407D1C96554E00D693E1 /* Base */,
			);
			name = LaunchScreen.storyboard;
			sourceTree = "<group>";
		};
/* End PBXVariantGroup section */

/* Begin XCBuildConfiguration section */
		0A8EFAF31CE45D9E008B950C /* Debug */ = {
			isa = XCBuildConfiguration;
			buildSettings = {
				GCC_ENABLE_OBJC_EXCEPTIONS = YES;
				GCC_PREPROCESSOR_DEFINITIONS = (
					"DEBUG=1",
					"$(inherited)",
				);
				GCC_SYMBOLS_PRIVATE_EXTERN = NO;
				MACOSX_DEPLOYMENT_TARGET = 10.8;
				PRODUCT_NAME = "$(TARGET_NAME)";
				SDKROOT = macosx;
			};
			name = Debug;
		};
		0A8EFAF41CE45D9E008B950C /* Release */ = {
			isa = XCBuildConfiguration;
			buildSettings = {
				COPY_PHASE_STRIP = YES;
				GCC_ENABLE_OBJC_EXCEPTIONS = YES;
				MACOSX_DEPLOYMENT_TARGET = 10.8;
				PRODUCT_NAME = "$(TARGET_NAME)";
				SDKROOT = macosx;
			};
			name = Release;
		};
		0AA524371D056DD100E76CCB /* Debug */ = {
			isa = XCBuildConfiguration;
			buildSettings = {
				ASSETCATALOG_COMPILER_APPICON_NAME = AppIcon;
				CLANG_ANALYZER_NONNULL = YES;
				INFOPLIST_FILE = UICollectionView/Info.plist;
				IPHONEOS_DEPLOYMENT_TARGET = 9.3;
				LD_RUNPATH_SEARCH_PATHS = "$(inherited) @executable_path/Frameworks";
				PRODUCT_BUNDLE_IDENTIFIER = KV.UICollectionView;
				PRODUCT_NAME = "$(TARGET_NAME)";
			};
			name = Debug;
		};
		0AA524381D056DD100E76CCB /* Release */ = {
			isa = XCBuildConfiguration;
			buildSettings = {
				ASSETCATALOG_COMPILER_APPICON_NAME = AppIcon;
				CLANG_ANALYZER_NONNULL = YES;
				INFOPLIST_FILE = UICollectionView/Info.plist;
				IPHONEOS_DEPLOYMENT_TARGET = 9.3;
				LD_RUNPATH_SEARCH_PATHS = "$(inherited) @executable_path/Frameworks";
				PRODUCT_BUNDLE_IDENTIFIER = KV.UICollectionView;
				PRODUCT_NAME = "$(TARGET_NAME)";
			};
			name = Release;
		};
		0ACBBB2C1CEBEE3200309F7A /* Debug */ = {
			isa = XCBuildConfiguration;
			buildSettings = {
				ASSETCATALOG_COMPILER_APPICON_NAME = AppIcon;
				ASSETCATALOG_COMPILER_LAUNCHIMAGE_NAME = LaunchImage;
				FRAMEWORK_SEARCH_PATHS = (
					"$(inherited)",
					"$(DEVELOPER_FRAMEWORKS_DIR)",
				);
				GCC_PRECOMPILE_PREFIX_HEADER = YES;
				GCC_PREFIX_HEADER = "tableView/tableView-Prefix.pch";
				GCC_PREPROCESSOR_DEFINITIONS = (
					"DEBUG=1",
					"$(inherited)",
				);
				GCC_SYMBOLS_PRIVATE_EXTERN = NO;
				INFOPLIST_FILE = "tableView/tableView-Info.plist";
				IPHONEOS_DEPLOYMENT_TARGET = 7.1;
				PRODUCT_NAME = "$(TARGET_NAME)";
				WRAPPER_EXTENSION = app;
			};
			name = Debug;
		};
		0ACBBB2D1CEBEE3200309F7A /* Release */ = {
			isa = XCBuildConfiguration;
			buildSettings = {
				ASSETCATALOG_COMPILER_APPICON_NAME = AppIcon;
				ASSETCATALOG_COMPILER_LAUNCHIMAGE_NAME = LaunchImage;
				COPY_PHASE_STRIP = YES;
				FRAMEWORK_SEARCH_PATHS = (
					"$(inherited)",
					"$(DEVELOPER_FRAMEWORKS_DIR)",
				);
				GCC_PRECOMPILE_PREFIX_HEADER = YES;
				GCC_PREFIX_HEADER = "tableView/tableView-Prefix.pch";
				INFOPLIST_FILE = "tableView/tableView-Info.plist";
				IPHONEOS_DEPLOYMENT_TARGET = 7.1;
				PRODUCT_NAME = "$(TARGET_NAME)";
				WRAPPER_EXTENSION = app;
			};
			name = Release;
		};
		0AFF3E311CFB1158000D7BBD /* Debug */ = {
			isa = XCBuildConfiguration;
			buildSettings = {
				ASSETCATALOG_COMPILER_APPICON_NAME = AppIcon;
				CLANG_ANALYZER_NONNULL = YES;
				INFOPLIST_FILE = codeOnly_chatting/Info.plist;
				IPHONEOS_DEPLOYMENT_TARGET = 9.3;
				LD_RUNPATH_SEARCH_PATHS = "$(inherited) @executable_path/Frameworks";
				PRODUCT_BUNDLE_IDENTIFIER = "KV.codeOnly-chatting";
				PRODUCT_NAME = "$(TARGET_NAME)";
			};
			name = Debug;
		};
		0AFF3E321CFB1158000D7BBD /* Release */ = {
			isa = XCBuildConfiguration;
			buildSettings = {
				ASSETCATALOG_COMPILER_APPICON_NAME = AppIcon;
				CLANG_ANALYZER_NONNULL = YES;
				INFOPLIST_FILE = codeOnly_chatting/Info.plist;
				IPHONEOS_DEPLOYMENT_TARGET = 9.3;
				LD_RUNPATH_SEARCH_PATHS = "$(inherited) @executable_path/Frameworks";
				PRODUCT_BUNDLE_IDENTIFIER = "KV.codeOnly-chatting";
				PRODUCT_NAME = "$(TARGET_NAME)";
			};
			name = Release;
		};
		DADA40801C96554E00D693E1 /* Debug */ = {
			isa = XCBuildConfiguration;
			buildSettings = {
				ALWAYS_SEARCH_USER_PATHS = NO;
				CLANG_CXX_LANGUAGE_STANDARD = "gnu++0x";
				CLANG_CXX_LIBRARY = "libc++";
				CLANG_ENABLE_MODULES = YES;
				CLANG_ENABLE_OBJC_ARC = YES;
				CLANG_WARN_BOOL_CONVERSION = YES;
				CLANG_WARN_CONSTANT_CONVERSION = YES;
				CLANG_WARN_DIRECT_OBJC_ISA_USAGE = YES_ERROR;
				CLANG_WARN_EMPTY_BODY = YES;
				CLANG_WARN_ENUM_CONVERSION = YES;
				CLANG_WARN_INT_CONVERSION = YES;
				CLANG_WARN_OBJC_ROOT_CLASS = YES_ERROR;
				CLANG_WARN_UNREACHABLE_CODE = YES;
				CLANG_WARN__DUPLICATE_METHOD_MATCH = YES;
				"CODE_SIGN_IDENTITY[sdk=iphoneos*]" = "iPhone Developer";
				COPY_PHASE_STRIP = NO;
				DEBUG_INFORMATION_FORMAT = dwarf;
				ENABLE_STRICT_OBJC_MSGSEND = YES;
				ENABLE_TESTABILITY = YES;
				GCC_C_LANGUAGE_STANDARD = gnu99;
				GCC_DYNAMIC_NO_PIC = NO;
				GCC_NO_COMMON_BLOCKS = YES;
				GCC_OPTIMIZATION_LEVEL = 0;
				GCC_PREPROCESSOR_DEFINITIONS = (
					"DEBUG=1",
					"$(inherited)",
				);
				GCC_WARN_64_TO_32_BIT_CONVERSION = YES;
				GCC_WARN_ABOUT_RETURN_TYPE = YES_ERROR;
				GCC_WARN_UNDECLARED_SELECTOR = YES;
				GCC_WARN_UNINITIALIZED_AUTOS = YES_AGGRESSIVE;
				GCC_WARN_UNUSED_FUNCTION = YES;
				GCC_WARN_UNUSED_VARIABLE = YES;
				IPHONEOS_DEPLOYMENT_TARGET = 9.2;
				MTL_ENABLE_DEBUG_INFO = YES;
				ONLY_ACTIVE_ARCH = YES;
				SDKROOT = iphoneos;
				TARGETED_DEVICE_FAMILY = "1,2";
			};
			name = Debug;
		};
		DADA40811C96554E00D693E1 /* Release */ = {
			isa = XCBuildConfiguration;
			buildSettings = {
				ALWAYS_SEARCH_USER_PATHS = NO;
				CLANG_CXX_LANGUAGE_STANDARD = "gnu++0x";
				CLANG_CXX_LIBRARY = "libc++";
				CLANG_ENABLE_MODULES = YES;
				CLANG_ENABLE_OBJC_ARC = YES;
				CLANG_WARN_BOOL_CONVERSION = YES;
				CLANG_WARN_CONSTANT_CONVERSION = YES;
				CLANG_WARN_DIRECT_OBJC_ISA_USAGE = YES_ERROR;
				CLANG_WARN_EMPTY_BODY = YES;
				CLANG_WARN_ENUM_CONVERSION = YES;
				CLANG_WARN_INT_CONVERSION = YES;
				CLANG_WARN_OBJC_ROOT_CLASS = YES_ERROR;
				CLANG_WARN_UNREACHABLE_CODE = YES;
				CLANG_WARN__DUPLICATE_METHOD_MATCH = YES;
				"CODE_SIGN_IDENTITY[sdk=iphoneos*]" = "iPhone Developer";
				COPY_PHASE_STRIP = NO;
				DEBUG_INFORMATION_FORMAT = "dwarf-with-dsym";
				ENABLE_NS_ASSERTIONS = NO;
				ENABLE_STRICT_OBJC_MSGSEND = YES;
				GCC_C_LANGUAGE_STANDARD = gnu99;
				GCC_NO_COMMON_BLOCKS = YES;
				GCC_WARN_64_TO_32_BIT_CONVERSION = YES;
				GCC_WARN_ABOUT_RETURN_TYPE = YES_ERROR;
				GCC_WARN_UNDECLARED_SELECTOR = YES;
				GCC_WARN_UNINITIALIZED_AUTOS = YES_AGGRESSIVE;
				GCC_WARN_UNUSED_FUNCTION = YES;
				GCC_WARN_UNUSED_VARIABLE = YES;
				IPHONEOS_DEPLOYMENT_TARGET = 9.2;
				MTL_ENABLE_DEBUG_INFO = NO;
				SDKROOT = iphoneos;
				TARGETED_DEVICE_FAMILY = "1,2";
				VALIDATE_PRODUCT = YES;
			};
			name = Release;
		};
		DADA40831C96554E00D693E1 /* Debug */ = {
			isa = XCBuildConfiguration;
			buildSettings = {
				ASSETCATALOG_COMPILER_APPICON_NAME = AppIcon;
				INFOPLIST_FILE = iOSDemo/Info.plist;
				IPHONEOS_DEPLOYMENT_TARGET = 7.1;
				LD_RUNPATH_SEARCH_PATHS = "$(inherited) @executable_path/Frameworks";
				PRODUCT_BUNDLE_IDENTIFIER = io.marboo.iOSDemo;
				PRODUCT_NAME = "$(TARGET_NAME)";
			};
			name = Debug;
		};
		DADA40841C96554E00D693E1 /* Release */ = {
			isa = XCBuildConfiguration;
			buildSettings = {
				ASSETCATALOG_COMPILER_APPICON_NAME = AppIcon;
				INFOPLIST_FILE = iOSDemo/Info.plist;
				IPHONEOS_DEPLOYMENT_TARGET = 7.1;
				LD_RUNPATH_SEARCH_PATHS = "$(inherited) @executable_path/Frameworks";
				PRODUCT_BUNDLE_IDENTIFIER = io.marboo.iOSDemo;
				PRODUCT_NAME = "$(TARGET_NAME)";
			};
			name = Release;
		};
/* End XCBuildConfiguration section */

/* Begin XCConfigurationList section */
		0A8EFAF21CE45D9E008B950C /* Build configuration list for PBXNativeTarget "CommandLineTool" */ = {
			isa = XCConfigurationList;
			buildConfigurations = (
				0A8EFAF31CE45D9E008B950C /* Debug */,
				0A8EFAF41CE45D9E008B950C /* Release */,
			);
			defaultConfigurationIsVisible = 0;
			defaultConfigurationName = Release;
		};
		0AA524361D056DD100E76CCB /* Build configuration list for PBXNativeTarget "UICollectionView" */ = {
			isa = XCConfigurationList;
			buildConfigurations = (
				0AA524371D056DD100E76CCB /* Debug */,
				0AA524381D056DD100E76CCB /* Release */,
			);
			defaultConfigurationIsVisible = 0;
		};
		0ACBBB2B1CEBEE3200309F7A /* Build configuration list for PBXNativeTarget "tableView" */ = {
			isa = XCConfigurationList;
			buildConfigurations = (
				0ACBBB2C1CEBEE3200309F7A /* Debug */,
				0ACBBB2D1CEBEE3200309F7A /* Release */,
			);
			defaultConfigurationIsVisible = 0;
			defaultConfigurationName = Release;
		};
		0AFF3E301CFB1158000D7BBD /* Build configuration list for PBXNativeTarget "codeOnly_chatting" */ = {
			isa = XCConfigurationList;
			buildConfigurations = (
				0AFF3E311CFB1158000D7BBD /* Debug */,
				0AFF3E321CFB1158000D7BBD /* Release */,
			);
			defaultConfigurationIsVisible = 0;
			defaultConfigurationName = Release;
		};
		DADA40661C96554E00D693E1 /* Build configuration list for PBXProject "iOSDemo" */ = {
			isa = XCConfigurationList;
			buildConfigurations = (
				DADA40801C96554E00D693E1 /* Debug */,
				DADA40811C96554E00D693E1 /* Release */,
			);
			defaultConfigurationIsVisible = 0;
			defaultConfigurationName = Release;
		};
		DADA40821C96554E00D693E1 /* Build configuration list for PBXNativeTarget "iOSDemo" */ = {
			isa = XCConfigurationList;
			buildConfigurations = (
				DADA40831C96554E00D693E1 /* Debug */,
				DADA40841C96554E00D693E1 /* Release */,
			);
			defaultConfigurationIsVisible = 0;
			defaultConfigurationName = Release;
		};
/* End XCConfigurationList section */
	};
	rootObject = DADA40631C96554E00D693E1 /* Project object */;
}
