// !$*UTF8*$!
{
	archiveVersion = 1;
	classes = {
	};
	objectVersion = 46;
	objects = {

/* Begin PBXBuildFile section */
		DA22F5931CDB983A0037BB29 /* main.c in Sources */ = {isa = PBXBuildFile; fileRef = DA22F5921CDB983A0037BB29 /* main.c */; };
		DA22F5991CDB98540037BB29 /* list.c in Sources */ = {isa = PBXBuildFile; fileRef = DA22F5971CDB98540037BB29 /* list.c */; };
		DADA40701C96554E00D693E1 /* main.m in Sources */ = {isa = PBXBuildFile; fileRef = DADA406F1C96554E00D693E1 /* main.m */; };
		DADA40731C96554E00D693E1 /* AppDelegate.m in Sources */ = {isa = PBXBuildFile; fileRef = DADA40721C96554E00D693E1 /* AppDelegate.m */; };
		DADA40761C96554E00D693E1 /* ViewController.m in Sources */ = {isa = PBXBuildFile; fileRef = DADA40751C96554E00D693E1 /* ViewController.m */; };
		DADA40791C96554E00D693E1 /* Main.storyboard in Resources */ = {isa = PBXBuildFile; fileRef = DADA40771C96554E00D693E1 /* Main.storyboard */; };
		DADA407B1C96554E00D693E1 /* Assets.xcassets in Resources */ = {isa = PBXBuildFile; fileRef = DADA407A1C96554E00D693E1 /* Assets.xcassets */; };
		DADA407E1C96554E00D693E1 /* LaunchScreen.storyboard in Resources */ = {isa = PBXBuildFile; fileRef = DADA407C1C96554E00D693E1 /* LaunchScreen.storyboard */; };
/* End PBXBuildFile section */

/* Begin PBXCopyFilesBuildPhase section */
		DA22F58E1CDB983A0037BB29 /* CopyFiles */ = {
			isa = PBXCopyFilesBuildPhase;
			buildActionMask = 2147483647;
			dstPath = /usr/share/man/man1/;
			dstSubfolderSpec = 0;
			files = (
			);
			runOnlyForDeploymentPostprocessing = 1;
		};
/* End PBXCopyFilesBuildPhase section */

/* Begin PBXFileReference section */
		DA22F5901CDB983A0037BB29 /* linkList */ = {isa = PBXFileReference; explicitFileType = "compiled.mach-o.executable"; includeInIndex = 0; path = linkList; sourceTree = BUILT_PRODUCTS_DIR; };
		DA22F5921CDB983A0037BB29 /* main.c */ = {isa = PBXFileReference; lastKnownFileType = sourcecode.c.c; path = main.c; sourceTree = "<group>"; };
		DA22F5971CDB98540037BB29 /* list.c */ = {isa = PBXFileReference; fileEncoding = 4; lastKnownFileType = sourcecode.c.c; path = list.c; sourceTree = "<group>"; };
		DA22F5981CDB98540037BB29 /* list.h */ = {isa = PBXFileReference; fileEncoding = 4; lastKnownFileType = sourcecode.c.h; path = list.h; sourceTree = "<group>"; };
		DADA406B1C96554E00D693E1 /* iOSDemo.app */ = {isa = PBXFileReference; explicitFileType = wrapper.application; includeInIndex = 0; path = iOSDemo.app; sourceTree = BUILT_PRODUCTS_DIR; };
		DADA406F1C96554E00D693E1 /* main.m */ = {isa = PBXFileReference; lastKnownFileType = sourcecode.c.objc; path = main.m; sourceTree = "<group>"; };
		DADA40711C96554E00D693E1 /* AppDelegate.h */ = {isa = PBXFileReference; lastKnownFileType = sourcecode.c.h; path = AppDelegate.h; sourceTree = "<group>"; };
		DADA40721C96554E00D693E1 /* AppDelegate.m */ = {isa = PBXFileReference; lastKnownFileType = sourcecode.c.objc; path = AppDelegate.m; sourceTree = "<group>"; };
		DADA40741C96554E00D693E1 /* ViewController.h */ = {isa = PBXFileReference; lastKnownFileType = sourcecode.c.h; path = ViewController.h; sourceTree = "<group>"; };
		DADA40751C96554E00D693E1 /* ViewController.m */ = {isa = PBXFileReference; lastKnownFileType = sourcecode.c.objc; path = ViewController.m; sourceTree = "<group>"; };
		DADA40781C96554E00D693E1 /* Base */ = {isa = PBXFileReference; lastKnownFileType = file.storyboard; name = Base; path = Base.lproj/Main.storyboard; sourceTree = "<group>"; };
		DADA407A1C96554E00D693E1 /* Assets.xcassets */ = {isa = PBXFileReference; lastKnownFileType = folder.assetcatalog; path = Assets.xcassets; sourceTree = "<group>"; };
		DADA407D1C96554E00D693E1 /* Base */ = {isa = PBXFileReference; lastKnownFileType = file.storyboard; name = Base; path = Base.lproj/LaunchScreen.storyboard; sourceTree = "<group>"; };
		DADA407F1C96554E00D693E1 /* Info.plist */ = {isa = PBXFileReference; lastKnownFileType = text.plist.xml; path = Info.plist; sourceTree = "<group>"; };
/* End PBXFileReference section */

/* Begin PBXFrameworksBuildPhase section */
		DA22F58D1CDB983A0037BB29 /* Frameworks */ = {
			isa = PBXFrameworksBuildPhase;
			buildActionMask = 2147483647;
			files = (
			);
			runOnlyForDeploymentPostprocessing = 0;
		};
		DADA40681C96554E00D693E1 /* Frameworks */ = {
			isa = PBXFrameworksBuildPhase;
			buildActionMask = 2147483647;
			files = (
			);
			runOnlyForDeploymentPostprocessing = 0;
		};
/* End PBXFrameworksBuildPhase section */

/* Begin PBXGroup section */
		DA22F5911CDB983A0037BB29 /* linkList */ = {
			isa = PBXGroup;
			children = (
				DA22F5921CDB983A0037BB29 /* main.c */,
				DA22F5971CDB98540037BB29 /* list.c */,
				DA22F5981CDB98540037BB29 /* list.h */,
			);
			path = linkList;
			sourceTree = "<group>";
		};
		DADA40621C96554E00D693E1 = {
			isa = PBXGroup;
			children = (
				DADA406D1C96554E00D693E1 /* iOSDemo */,
				DA22F5911CDB983A0037BB29 /* linkList */,
				DADA406C1C96554E00D693E1 /* Products */,
			);
			sourceTree = "<group>";
		};
		DADA406C1C96554E00D693E1 /* Products */ = {
			isa = PBXGroup;
			children = (
				DADA406B1C96554E00D693E1 /* iOSDemo.app */,
				DA22F5901CDB983A0037BB29 /* linkList */,
			);
			name = Products;
			sourceTree = "<group>";
		};
		DADA406D1C96554E00D693E1 /* iOSDemo */ = {
			isa = PBXGroup;
			children = (
				DADA40711C96554E00D693E1 /* AppDelegate.h */,
				DADA40721C96554E00D693E1 /* AppDelegate.m */,
				DADA40741C96554E00D693E1 /* ViewController.h */,
				DADA40751C96554E00D693E1 /* ViewController.m */,
				DADA40771C96554E00D693E1 /* Main.storyboard */,
				DADA407A1C96554E00D693E1 /* Assets.xcassets */,
				DADA407C1C96554E00D693E1 /* LaunchScreen.storyboard */,
				DADA407F1C96554E00D693E1 /* Info.plist */,
				DADA406E1C96554E00D693E1 /* Supporting Files */,
			);
			path = iOSDemo;
			sourceTree = "<group>";
		};
		DADA406E1C96554E00D693E1 /* Supporting Files */ = {
			isa = PBXGroup;
			children = (
				DADA406F1C96554E00D693E1 /* main.m */,
			);
			name = "Supporting Files";
			sourceTree = "<group>";
		};
/* End PBXGroup section */

/* Begin PBXNativeTarget section */
		DA22F58F1CDB983A0037BB29 /* linkList */ = {
			isa = PBXNativeTarget;
			buildConfigurationList = DA22F5961CDB983A0037BB29 /* Build configuration list for PBXNativeTarget "linkList" */;
			buildPhases = (
				DA22F58C1CDB983A0037BB29 /* Sources */,
				DA22F58D1CDB983A0037BB29 /* Frameworks */,
				DA22F58E1CDB983A0037BB29 /* CopyFiles */,
			);
			buildRules = (
			);
			dependencies = (
			);
			name = linkList;
			productName = linkList;
			productReference = DA22F5901CDB983A0037BB29 /* linkList */;
			productType = "com.apple.product-type.tool";
		};
		DADA406A1C96554E00D693E1 /* iOSDemo */ = {
			isa = PBXNativeTarget;
			buildConfigurationList = DADA40821C96554E00D693E1 /* Build configuration list for PBXNativeTarget "iOSDemo" */;
			buildPhases = (
				DADA40671C96554E00D693E1 /* Sources */,
				DADA40681C96554E00D693E1 /* Frameworks */,
				DADA40691C96554E00D693E1 /* Resources */,
			);
			buildRules = (
			);
			dependencies = (
			);
			name = iOSDemo;
			productName = iOSDemo;
			productReference = DADA406B1C96554E00D693E1 /* iOSDemo.app */;
			productType = "com.apple.product-type.application";
		};
/* End PBXNativeTarget section */

/* Begin PBXProject section */
		DADA40631C96554E00D693E1 /* Project object */ = {
			isa = PBXProject;
			attributes = {
				LastUpgradeCheck = 0720;
				ORGANIZATIONNAME = didi;
				TargetAttributes = {
					DA22F58F1CDB983A0037BB29 = {
						CreatedOnToolsVersion = 7.3;
					};
					DADA406A1C96554E00D693E1 = {
						CreatedOnToolsVersion = 7.2;
					};
				};
			};
			buildConfigurationList = DADA40661C96554E00D693E1 /* Build configuration list for PBXProject "iOSDemo" */;
			compatibilityVersion = "Xcode 3.2";
			developmentRegion = English;
			hasScannedForEncodings = 0;
			knownRegions = (
				en,
				Base,
			);
			mainGroup = DADA40621C96554E00D693E1;
			productRefGroup = DADA406C1C96554E00D693E1 /* Products */;
			projectDirPath = "";
			projectRoot = "";
			targets = (
				DADA406A1C96554E00D693E1 /* iOSDemo */,
				DA22F58F1CDB983A0037BB29 /* linkList */,
			);
		};
/* End PBXProject section */

/* Begin PBXResourcesBuildPhase section */
		DADA40691C96554E00D693E1 /* Resources */ = {
			isa = PBXResourcesBuildPhase;
			buildActionMask = 2147483647;
			files = (
				DADA407E1C96554E00D693E1 /* LaunchScreen.storyboard in Resources */,
				DADA407B1C96554E00D693E1 /* Assets.xcassets in Resources */,
				DADA40791C96554E00D693E1 /* Main.storyboard in Resources */,
			);
			runOnlyForDeploymentPostprocessing = 0;
		};
/* End PBXResourcesBuildPhase section */

/* Begin PBXSourcesBuildPhase section */
		DA22F58C1CDB983A0037BB29 /* Sources */ = {
			isa = PBXSourcesBuildPhase;
			buildActionMask = 2147483647;
			files = (
				DA22F5931CDB983A0037BB29 /* main.c in Sources */,
				DA22F5991CDB98540037BB29 /* list.c in Sources */,
			);
			runOnlyForDeploymentPostprocessing = 0;
		};
		DADA40671C96554E00D693E1 /* Sources */ = {
			isa = PBXSourcesBuildPhase;
			buildActionMask = 2147483647;
			files = (
				DADA40761C96554E00D693E1 /* ViewController.m in Sources */,
				DADA40731C96554E00D693E1 /* AppDelegate.m in Sources */,
				DADA40701C96554E00D693E1 /* main.m in Sources */,
			);
			runOnlyForDeploymentPostprocessing = 0;
		};
/* End PBXSourcesBuildPhase section */

/* Begin PBXVariantGroup section */
		DADA40771C96554E00D693E1 /* Main.storyboard */ = {
			isa = PBXVariantGroup;
			children = (
				DADA40781C96554E00D693E1 /* Base */,
			);
			name = Main.storyboard;
			sourceTree = "<group>";
		};
		DADA407C1C96554E00D693E1 /* LaunchScreen.storyboard */ = {
			isa = PBXVariantGroup;
			children = (
				DADA407D1C96554E00D693E1 /* Base */,
			);
			name = LaunchScreen.storyboard;
			sourceTree = "<group>";
		};
/* End PBXVariantGroup section */

/* Begin XCBuildConfiguration section */
		DA22F5941CDB983A0037BB29 /* Debug */ = {
			isa = XCBuildConfiguration;
			buildSettings = {
				CLANG_ANALYZER_NONNULL = YES;
				CODE_SIGN_IDENTITY = "-";
				MACOSX_DEPLOYMENT_TARGET = 10.11;
				PRODUCT_NAME = "$(TARGET_NAME)";
				SDKROOT = macosx;
			};
			name = Debug;
		};
		DA22F5951CDB983A0037BB29 /* Release */ = {
			isa = XCBuildConfiguration;
			buildSettings = {
				CLANG_ANALYZER_NONNULL = YES;
				CODE_SIGN_IDENTITY = "-";
				MACOSX_DEPLOYMENT_TARGET = 10.11;
				PRODUCT_NAME = "$(TARGET_NAME)";
				SDKROOT = macosx;
			};
			name = Release;
		};
		DADA40801C96554E00D693E1 /* Debug */ = {
			isa = XCBuildConfiguration;
			buildSettings = {
				ALWAYS_SEARCH_USER_PATHS = NO;
				CLANG_CXX_LANGUAGE_STANDARD = "gnu++0x";
				CLANG_CXX_LIBRARY = "libc++";
				CLANG_ENABLE_MODULES = YES;
				CLANG_ENABLE_OBJC_ARC = YES;
				CLANG_WARN_BOOL_CONVERSION = YES;
				CLANG_WARN_CONSTANT_CONVERSION = YES;
				CLANG_WARN_DIRECT_OBJC_ISA_USAGE = YES_ERROR;
				CLANG_WARN_EMPTY_BODY = YES;
				CLANG_WARN_ENUM_CONVERSION = YES;
				CLANG_WARN_INT_CONVERSION = YES;
				CLANG_WARN_OBJC_ROOT_CLASS = YES_ERROR;
				CLANG_WARN_UNREACHABLE_CODE = YES;
				CLANG_WARN__DUPLICATE_METHOD_MATCH = YES;
				"CODE_SIGN_IDENTITY[sdk=iphoneos*]" = "iPhone Developer";
				COPY_PHASE_STRIP = NO;
				DEBUG_INFORMATION_FORMAT = dwarf;
				ENABLE_STRICT_OBJC_MSGSEND = YES;
				ENABLE_TESTABILITY = YES;
				GCC_C_LANGUAGE_STANDARD = gnu99;
				GCC_DYNAMIC_NO_PIC = NO;
				GCC_NO_COMMON_BLOCKS = YES;
				GCC_OPTIMIZATION_LEVEL = 0;
				GCC_PREPROCESSOR_DEFINITIONS = (
					"DEBUG=1",
					"$(inherited)",
				);
				GCC_WARN_64_TO_32_BIT_CONVERSION = YES;
				GCC_WARN_ABOUT_RETURN_TYPE = YES_ERROR;
				GCC_WARN_UNDECLARED_SELECTOR = YES;
				GCC_WARN_UNINITIALIZED_AUTOS = YES_AGGRESSIVE;
				GCC_WARN_UNUSED_FUNCTION = YES;
				GCC_WARN_UNUSED_VARIABLE = YES;
				IPHONEOS_DEPLOYMENT_TARGET = 9.2;
				MTL_ENABLE_DEBUG_INFO = YES;
				ONLY_ACTIVE_ARCH = YES;
				SDKROOT = iphoneos;
				TARGETED_DEVICE_FAMILY = "1,2";
			};
			name = Debug;
		};
		DADA40811C96554E00D693E1 /* Release */ = {
			isa = XCBuildConfiguration;
			buildSettings = {
				ALWAYS_SEARCH_USER_PATHS = NO;
				CLANG_CXX_LANGUAGE_STANDARD = "gnu++0x";
				CLANG_CXX_LIBRARY = "libc++";
				CLANG_ENABLE_MODULES = YES;
				CLANG_ENABLE_OBJC_ARC = YES;
				CLANG_WARN_BOOL_CONVERSION = YES;
				CLANG_WARN_CONSTANT_CONVERSION = YES;
				CLANG_WARN_DIRECT_OBJC_ISA_USAGE = YES_ERROR;
				CLANG_WARN_EMPTY_BODY = YES;
				CLANG_WARN_ENUM_CONVERSION = YES;
				CLANG_WARN_INT_CONVERSION = YES;
				CLANG_WARN_OBJC_ROOT_CLASS = YES_ERROR;
				CLANG_WARN_UNREACHABLE_CODE = YES;
				CLANG_WARN__DUPLICATE_METHOD_MATCH = YES;
				"CODE_SIGN_IDENTITY[sdk=iphoneos*]" = "iPhone Developer";
				COPY_PHASE_STRIP = NO;
				DEBUG_INFORMATION_FORMAT = "dwarf-with-dsym";
				ENABLE_NS_ASSERTIONS = NO;
				ENABLE_STRICT_OBJC_MSGSEND = YES;
				GCC_C_LANGUAGE_STANDARD = gnu99;
				GCC_NO_COMMON_BLOCKS = YES;
				GCC_WARN_64_TO_32_BIT_CONVERSION = YES;
				GCC_WARN_ABOUT_RETURN_TYPE = YES_ERROR;
				GCC_WARN_UNDECLARED_SELECTOR = YES;
				GCC_WARN_UNINITIALIZED_AUTOS = YES_AGGRESSIVE;
				GCC_WARN_UNUSED_FUNCTION = YES;
				GCC_WARN_UNUSED_VARIABLE = YES;
				IPHONEOS_DEPLOYMENT_TARGET = 9.2;
				MTL_ENABLE_DEBUG_INFO = NO;
				SDKROOT = iphoneos;
				TARGETED_DEVICE_FAMILY = "1,2";
				VALIDATE_PRODUCT = YES;
			};
			name = Release;
		};
		DADA40831C96554E00D693E1 /* Debug */ = {
			isa = XCBuildConfiguration;
			buildSettings = {
				ASSETCATALOG_COMPILER_APPICON_NAME = AppIcon;
				INFOPLIST_FILE = iOSDemo/Info.plist;
				IPHONEOS_DEPLOYMENT_TARGET = 7.1;
				LD_RUNPATH_SEARCH_PATHS = "$(inherited) @executable_path/Frameworks";
				PRODUCT_BUNDLE_IDENTIFIER = io.marboo.iOSDemo;
				PRODUCT_NAME = "$(TARGET_NAME)";
			};
			name = Debug;
		};
		DADA40841C96554E00D693E1 /* Release */ = {
			isa = XCBuildConfiguration;
			buildSettings = {
				ASSETCATALOG_COMPILER_APPICON_NAME = AppIcon;
				INFOPLIST_FILE = iOSDemo/Info.plist;
				IPHONEOS_DEPLOYMENT_TARGET = 7.1;
				LD_RUNPATH_SEARCH_PATHS = "$(inherited) @executable_path/Frameworks";
				PRODUCT_BUNDLE_IDENTIFIER = io.marboo.iOSDemo;
				PRODUCT_NAME = "$(TARGET_NAME)";
			};
			name = Release;
		};
/* End XCBuildConfiguration section */

/* Begin XCConfigurationList section */
		DA22F5961CDB983A0037BB29 /* Build configuration list for PBXNativeTarget "linkList" */ = {
			isa = XCConfigurationList;
			buildConfigurations = (
				DA22F5941CDB983A0037BB29 /* Debug */,
				DA22F5951CDB983A0037BB29 /* Release */,
			);
			defaultConfigurationIsVisible = 0;
		};
		DADA40661C96554E00D693E1 /* Build configuration list for PBXProject "iOSDemo" */ = {
			isa = XCConfigurationList;
			buildConfigurations = (
				DADA40801C96554E00D693E1 /* Debug */,
				DADA40811C96554E00D693E1 /* Release */,
			);
			defaultConfigurationIsVisible = 0;
			defaultConfigurationName = Release;
		};
		DADA40821C96554E00D693E1 /* Build configuration list for PBXNativeTarget "iOSDemo" */ = {
			isa = XCConfigurationList;
			buildConfigurations = (
				DADA40831C96554E00D693E1 /* Debug */,
				DADA40841C96554E00D693E1 /* Release */,
			);
			defaultConfigurationIsVisible = 0;
			defaultConfigurationName = Release;
		};
/* End XCConfigurationList section */
	};
	rootObject = DADA40631C96554E00D693E1 /* Project object */;
}
